
Microsoft Visual Studio Solution File, Format Version 12.00
# Visual Studio Version 17
VisualStudioVersion = 17.11.35327.3
MinimumVisualStudioVersion = 10.0.40219.1
Project("{9A19103F-16F7-4668-BE54-9A1E7A4F7556}") = "Pi Calculator", "Pi Calculator\Pi Calculator.csproj", "{83BA7ABF-B002-4E8D-ADEE-B95D8A240E7F}"
EndProject
Project("{FAE04EC0-301F-11D3-BF4B-00C04F79EFBC}") = "Test", "Test\Test.csproj", "{5EBF74F6-5BB5-49FC-8E93-0E9F54D77725}"
EndProject
Global
	GlobalSection(SolutionConfigurationPlatforms) = preSolution
		Debug|Any CPU = Debug|Any CPU
		Release|Any CPU = Release|Any CPU
	EndGlobalSection
	GlobalSection(ProjectConfigurationPlatforms) = postSolution
		{83BA7ABF-B002-4E8D-ADEE-B95D8A240E7F}.Debug|Any CPU.ActiveCfg = Debug|Any CPU
		{83BA7ABF-B002-4E8D-ADEE-B95D8A240E7F}.Debug|Any CPU.Build.0 = Debug|Any CPU
		{83BA7ABF-B002-4E8D-ADEE-B95D8A240E7F}.Release|Any CPU.ActiveCfg = Release|Any CPU
		{83BA7ABF-B002-4E8D-ADEE-B95D8A240E7F}.Release|Any CPU.Build.0 = Release|Any CPU
		{5EBF74F6-5BB5-49FC-8E93-0E9F54D77725}.Debug|Any CPU.ActiveCfg = Debug|Any CPU
		{5EBF74F6-5BB5-49FC-8E93-0E9F54D77725}.Debug|Any CPU.Build.0 = Debug|Any CPU
		{5EBF74F6-5BB5-49FC-8E93-0E9F54D77725}.Release|Any CPU.ActiveCfg = Release|Any CPU
		{5EBF74F6-5BB5-49FC-8E93-0E9F54D77725}.Release|Any CPU.Build.0 = Release|Any CPU
	EndGlobalSection
	GlobalSection(SolutionProperties) = preSolution
		HideSolutionNode = FALSE
	EndGlobalSection
	GlobalSection(ExtensibilityGlobals) = postSolution
		SolutionGuid = {5C2DF748-5AFA-48AD-B7A6-A8B787EFEED2}
	EndGlobalSection
EndGlobal
